{
  "version": "2.0",
  "generated": "2025-12-10T14:56:07.9596683+05:30",
  "metadata": {
    "fluxfile_path": "FluxFile",
    "hostname": "Avijit",
    "user": "aviji",
    "flux_version": "1.0.0",
    "os": "windows",
    "arch": "amd64"
  },
  "fluxfile_hash": "3b0e88e7746481988132c1520c738995c786d89de2e0ce7f04281c2296f4ddc2",
  "tasks": {
    "build": {
      "config_hash": "ca6135294f7bb347b1428c8508d813864d7faace17df241fe8050a67decf1136",
      "command_hash": "e4da1d2bb90653eb1b95bfd99e75f6a09271ba180bcc92b0a4cea773d5b001c4",
      "inputs": {},
      "outputs": {},
      "hash": "44136fa355b3678a1146ad16f7e8649e94fb4fc21fe77e8310c060f61caaff8a",
      "last_updated": "2025-12-10T14:56:07.9596683+05:30"
    }
  }
}