{
  "version": "2.0",
  "generated": "2025-12-03T12:09:53.8462673+05:30",
  "metadata": {
    "fluxfile_path": "FluxFile",
    "hostname": "Avijit",
    "user": "aviji",
    "go_version": "go1.24.1",
    "os": "windows",
    "arch": "amd64"
  },
  "fluxfile_hash": "a1aa4309a9d6bc1b6ea9e8e1392d880b27a29e7b9e0b3c6e11b4a973ee7e148a",
  "tasks": {}
}